Microsoft Visual Studio Solution File, Format Version 7.00
Project("{FAE04EC0-301F-11D3-BF4B-00C04F79EFBC}") = "[=$module]Test", "[=$module]Test.csproj", "{[=$TestProjectGuid]}"
EndProject
Project("{FAE04EC0-301F-11D3-BF4B-00C04F79EFBC}") = "[=$module]", "..\\[=$module]\\[=$module].csproj", "{[=$ProjectLibGuid]}"
EndProject
Project("{FAE04EC0-301F-11D3-BF4B-00C04F79EFBC}") = "AltovaXML", "..\\AltovaXML\\AltovaXML.csproj", "{[=$AltovaXMLLibGuid]}"
EndProject
Project("{FAE04EC0-301F-11D3-BF4B-00C04F79EFBC}") = "Altova", "..\\Altova\\Altova.csproj", "{[=$AltovaLibGuid]}"
EndProject
Global
	GlobalSection(SolutionConfiguration) = preSolution
		ConfigName.0 = Debug
		ConfigName.1 = Release
	EndGlobalSection
	GlobalSection(ProjectDependencies) = postSolution
	EndGlobalSection
	GlobalSection(ProjectConfiguration) = postSolution
		{[=$TestProjectGuid]}.Debug.ActiveCfg = Debug|.NET
		{[=$TestProjectGuid]}.Debug.Build.0 = Debug|.NET
		{[=$TestProjectGuid]}.Release.ActiveCfg = Release|.NET
		{[=$TestProjectGuid]}.Release.Build.0 = Release|.NET
		{[=$ProjectLibGuid]}.Debug.ActiveCfg = Debug|.NET
		{[=$ProjectLibGuid]}.Debug.Build.0 = Debug|.NET
		{[=$ProjectLibGuid]}.Release.ActiveCfg = Release|.NET
		{[=$ProjectLibGuid]}.Release.Build.0 = Release|.NET
		{[=$AltovaXMLLibGuid]}.Debug.ActiveCfg = Debug|.NET
		{[=$AltovaXMLLibGuid]}.Debug.Build.0 = Debug|.NET
		{[=$AltovaXMLLibGuid]}.Release.ActiveCfg = Release|.NET
		{[=$AltovaXMLLibGuid]}.Release.Build.0 = Release|.NET
		{[=$AltovaLibGuid]}.Debug.ActiveCfg = Debug|.NET
		{[=$AltovaLibGuid]}.Debug.Build.0 = Debug|.NET
		{[=$AltovaLibGuid]}.Release.ActiveCfg = Release|.NET
		{[=$AltovaLibGuid]}.Release.Build.0 = Release|.NET
	EndGlobalSection
	GlobalSection(ExtensibilityGlobals) = postSolution
	EndGlobalSection
	GlobalSection(ExtensibilityAddIns) = postSolution
	EndGlobalSection
EndGlobal
