Microsoft Visual Studio Solution File, Format Version 9.00
# Visual Studio 2005
Project("{FAE04EC0-301F-11D3-BF4B-00C04F79EFBC}") = "AltovaXML", "AltovaXML.csproj", "{[=$AltovaXMLLibGuid]}"
EndProject
Project("{FAE04EC0-301F-11D3-BF4B-00C04F79EFBC}") = "Altova", "..\\Altova\\Altova.csproj", "{[=$AltovaLibGuid]}"
EndProject
Global
	GlobalSection(SolutionConfigurationPlatforms) = preSolution
		Debug|Any CPU = Debug|Any CPU
		Release|Any CPU = Release|Any CPU
	EndGlobalSection
	GlobalSection(ProjectConfigurationPlatforms) = postSolution
		{[=$AltovaXMLLibGuid]}.Debug|Any CPU.ActiveCfg = Debug|Any CPU
		{[=$AltovaXMLLibGuid]}.Debug|Any CPU.Build.0 = Debug|Any CPU
		{[=$AltovaXMLLibGuid]}.Release|Any CPU.ActiveCfg = Release|Any CPU
		{[=$AltovaXMLLibGuid]}.Release|Any CPU.Build.0 = Release|Any CPU
		{[=$AltovaLibGuid]}.Debug|Any CPU.ActiveCfg = Debug|Any CPU
		{[=$AltovaLibGuid]}.Debug|Any CPU.Build.0 = Debug|Any CPU
		{[=$AltovaLibGuid]}.Release|Any CPU.ActiveCfg = Release|Any CPU
		{[=$AltovaLibGuid]}.Release|Any CPU.Build.0 = Release|Any CPU
	EndGlobalSection
	GlobalSection(SolutionProperties) = preSolution
		HideSolutionNode = FALSE
	EndGlobalSection
EndGlobal
