Microsoft Visual Studio Solution File, Format Version 8.00
Project("{8BC9CEB8-8B4A-11D0-8D11-00A0C91BC942}") = "Altova", "..\\Altova\\Altova.vcproj", "{[=$AltovaLibGuid]}"
	ProjectSection(ProjectDependencies) = postProject
	EndProjectSection
EndProject
Project("{8BC9CEB8-8B4A-11D0-8D11-00A0C91BC942}") = "AltovaXML", "..\\AltovaXML\\AltovaXML.vcproj", "{[=$AltovaXMLLibGuid]}"
	ProjectSection(ProjectDependencies) = postProject
		{[=$AltovaLibGuid]} = {[=$AltovaLibGuid]}
	EndProjectSection
EndProject
Project("{8BC9CEB8-8B4A-11D0-8D11-00A0C91BC942}") = "[=$module]", "..\\[=$module]\\[=$module].vcproj", "{[=$ProjectLibGuid]}"
	ProjectSection(ProjectDependencies) = postProject
[if $libtype = 2]
		{[=$AltovaLibGuid]} = {[=$AltovaLibGuid]}
[endif]
		{[=$AltovaXMLLibGuid]} = {[=$AltovaXMLLibGuid]}
	EndProjectSection
EndProject
Project("{8BC9CEB8-8B4A-11D0-8D11-00A0C91BC942}") = "[=$module]Test", "[=$module]Test.vcproj", "{[=$TestProjectGuid]}"
	ProjectSection(ProjectDependencies) = postProject
[if $libtype = 2]
		{[=$AltovaLibGuid]} = {[=$AltovaLibGuid]}
		{[=$AltovaXMLLibGuid]} = {[=$AltovaXMLLibGuid]}
[endif]
		{[=$ProjectLibGuid]} = {[=$ProjectLibGuid]}
	EndProjectSection
EndProject
Global
	GlobalSection(SolutionConfiguration) = preSolution
		Debug = Debug
		Release = Release
		Unicode Debug = Unicode Debug
		Unicode Release = Unicode Release
	EndGlobalSection
	GlobalSection(ProjectConfiguration) = postSolution
		{[=$AltovaLibGuid]}.Debug.ActiveCfg = Debug|Win32
		{[=$AltovaLibGuid]}.Debug.Build.0 = Debug|Win32
		{[=$AltovaLibGuid]}.Release.ActiveCfg = Release|Win32
		{[=$AltovaLibGuid]}.Release.Build.0 = Release|Win32
		{[=$AltovaLibGuid]}.Unicode Debug.ActiveCfg = Unicode Debug|Win32
		{[=$AltovaLibGuid]}.Unicode Debug.Build.0 = Unicode Debug|Win32
		{[=$AltovaLibGuid]}.Unicode Release.ActiveCfg = Unicode Release|Win32
		{[=$AltovaLibGuid]}.Unicode Release.Build.0 = Unicode Release|Win32
		{[=$AltovaXMLLibGuid]}.Debug.ActiveCfg = Debug|Win32
		{[=$AltovaXMLLibGuid]}.Debug.Build.0 = Debug|Win32
		{[=$AltovaXMLLibGuid]}.Release.ActiveCfg = Release|Win32
		{[=$AltovaXMLLibGuid]}.Release.Build.0 = Release|Win32
		{[=$AltovaXMLLibGuid]}.Unicode Debug.ActiveCfg = Unicode Debug|Win32
		{[=$AltovaXMLLibGuid]}.Unicode Debug.Build.0 = Unicode Debug|Win32
		{[=$AltovaXMLLibGuid]}.Unicode Release.ActiveCfg = Unicode Release|Win32
		{[=$AltovaXMLLibGuid]}.Unicode Release.Build.0 = Unicode Release|Win32
		{[=$ProjectLibGuid]}.Debug.ActiveCfg = Debug|Win32
		{[=$ProjectLibGuid]}.Debug.Build.0 = Debug|Win32
		{[=$ProjectLibGuid]}.Release.ActiveCfg = Release|Win32
		{[=$ProjectLibGuid]}.Release.Build.0 = Release|Win32
		{[=$ProjectLibGuid]}.Unicode Debug.ActiveCfg = Unicode Debug|Win32
		{[=$ProjectLibGuid]}.Unicode Debug.Build.0 = Unicode Debug|Win32
		{[=$ProjectLibGuid]}.Unicode Release.ActiveCfg = Unicode Release|Win32
		{[=$ProjectLibGuid]}.Unicode Release.Build.0 = Unicode Release|Win32
		{[=$TestProjectGuid]}.Debug.ActiveCfg = Debug|Win32
		{[=$TestProjectGuid]}.Debug.Build.0 = Debug|Win32
		{[=$TestProjectGuid]}.Release.ActiveCfg = Release|Win32
		{[=$TestProjectGuid]}.Release.Build.0 = Release|Win32
		{[=$TestProjectGuid]}.Unicode Debug.ActiveCfg = Unicode Debug|Win32
		{[=$TestProjectGuid]}.Unicode Debug.Build.0 = Unicode Debug|Win32
		{[=$TestProjectGuid]}.Unicode Release.ActiveCfg = Unicode Release|Win32
		{[=$TestProjectGuid]}.Unicode Release.Build.0 = Unicode Release|Win32
	EndGlobalSection
	GlobalSection(ExtensibilityGlobals) = postSolution
	EndGlobalSection
	GlobalSection(ExtensibilityAddIns) = postSolution
	EndGlobalSection
EndGlobal
