Microsoft Visual Studio Solution File, Format Version 8.00
Project("{8BC9CEB8-8B4A-11D0-8D11-00A0C91BC942}") = "Altova", "..\\Altova\\Altova.vcproj", "{[=$AltovaLibGuid]}"
	ProjectSection(ProjectDependencies) = postProject
	EndProjectSection
EndProject
Project("{8BC9CEB8-8B4A-11D0-8D11-00A0C91BC942}") = "AltovaDB", "..\\AltovaDB\\AltovaDB.vcproj", "{[=$AltovaDBLibGuid]}"
	ProjectSection(ProjectDependencies) = postProject
		{[=$AltovaLibGuid]} = {[=$AltovaLibGuid]}
	EndProjectSection
EndProject
Global
	GlobalSection(SolutionConfiguration) = preSolution
		Debug = Debug
		Release = Release
		Unicode Debug = Unicode Debug
		Unicode Release = Unicode Release
	EndGlobalSection
	GlobalSection(ProjectConfiguration) = postSolution
		{[=$AltovaLibGuid]}.Debug.ActiveCfg = Debug|Win32
		{[=$AltovaLibGuid]}.Debug.Build.0 = Debug|Win32
		{[=$AltovaLibGuid]}.Release.ActiveCfg = Release|Win32
		{[=$AltovaLibGuid]}.Release.Build.0 = Release|Win32
		{[=$AltovaLibGuid]}.Unicode Debug.ActiveCfg = Unicode Debug|Win32
		{[=$AltovaLibGuid]}.Unicode Debug.Build.0 = Unicode Debug|Win32
		{[=$AltovaLibGuid]}.Unicode Release.ActiveCfg = Unicode Release|Win32
		{[=$AltovaLibGuid]}.Unicode Release.Build.0 = Unicode Release|Win32
		{[=$AltovaDBLibGuid]}.Debug.ActiveCfg = Debug|Win32
		{[=$AltovaDBLibGuid]}.Debug.Build.0 = Debug|Win32
		{[=$AltovaDBLibGuid]}.Release.ActiveCfg = Release|Win32
		{[=$AltovaDBLibGuid]}.Release.Build.0 = Release|Win32
		{[=$AltovaDBLibGuid]}.Unicode Debug.ActiveCfg = Unicode Debug|Win32
		{[=$AltovaDBLibGuid]}.Unicode Debug.Build.0 = Unicode Debug|Win32
		{[=$AltovaDBLibGuid]}.Unicode Release.ActiveCfg = Unicode Release|Win32
		{[=$AltovaDBLibGuid]}.Unicode Release.Build.0 = Unicode Release|Win32
	EndGlobalSection
	GlobalSection(ExtensibilityGlobals) = postSolution
	EndGlobalSection
	GlobalSection(ExtensibilityAddIns) = postSolution
	EndGlobalSection
EndGlobal
